
Microsoft Visual Studio Solution File, Format Version 12.00
# Visual Studio 15
VisualStudioVersion = 15.0.28307.572
MinimumVisualStudioVersion = 10.0.40219.1
Project("{FAE04EC0-301F-11D3-BF4B-00C04F79EFBC}") = "CalculadoraDeSignos", "CalculadoraDeSignos\CalculadoraDeSignos.csproj", "{53AD1CD3-AAA6-4725-98F7-F1F889E669CE}"
EndProject
Global
	GlobalSection(SolutionConfigurationPlatforms) = preSolution
		Debug|Any CPU = Debug|Any CPU
		Release|Any CPU = Release|Any CPU
	EndGlobalSection
	GlobalSection(ProjectConfigurationPlatforms) = postSolution
		{53AD1CD3-AAA6-4725-98F7-F1F889E669CE}.Debug|Any CPU.ActiveCfg = Debug|Any CPU
		{53AD1CD3-AAA6-4725-98F7-F1F889E669CE}.Debug|Any CPU.Build.0 = Debug|Any CPU
		{53AD1CD3-AAA6-4725-98F7-F1F889E669CE}.Release|Any CPU.ActiveCfg = Release|Any CPU
		{53AD1CD3-AAA6-4725-98F7-F1F889E669CE}.Release|Any CPU.Build.0 = Release|Any CPU
	EndGlobalSection
	GlobalSection(SolutionProperties) = preSolution
		HideSolutionNode = FALSE
	EndGlobalSection
	GlobalSection(ExtensibilityGlobals) = postSolution
		SolutionGuid = {64012174-F75F-4109-92FD-2CE665250E82}
	EndGlobalSection
EndGlobal
